
Microsoft Visual Studio Solution File, Format Version 12.00
# Visual Studio Version 16
VisualStudioVersion = 16.0.31410.357
MinimumVisualStudioVersion = 10.0.40219.1
Project("{9A19103F-16F7-4668-BE54-9A1E7A4F7556}") = "PointCloudWeb.Server", "PointCloudWeb.Server\PointCloudWeb.Server.csproj", "{BD246537-F063-4A5A-8957-AF25E021132D}"
EndProject
Global
	GlobalSection(SolutionConfigurationPlatforms) = preSolution
		Debug|Any CPU = Debug|Any CPU
		Release|Any CPU = Release|Any CPU
	EndGlobalSection
	GlobalSection(ProjectConfigurationPlatforms) = postSolution
		{BD246537-F063-4A5A-8957-AF25E021132D}.Debug|Any CPU.ActiveCfg = Debug|Any CPU
		{BD246537-F063-4A5A-8957-AF25E021132D}.Debug|Any CPU.Build.0 = Debug|Any CPU
		{BD246537-F063-4A5A-8957-AF25E021132D}.Release|Any CPU.ActiveCfg = Release|Any CPU
		{BD246537-F063-4A5A-8957-AF25E021132D}.Release|Any CPU.Build.0 = Release|Any CPU
	EndGlobalSection
	GlobalSection(SolutionProperties) = preSolution
		HideSolutionNode = FALSE
	EndGlobalSection
	GlobalSection(ExtensibilityGlobals) = postSolution
		SolutionGuid = {35A06321-6DBE-45B7-A530-8E2CED1AFE0C}
	EndGlobalSection
EndGlobal
